
Microsoft Visual Studio Solution File, Format Version 12.00
# Visual Studio Version 17
VisualStudioVersion = 17.10.35122.118
MinimumVisualStudioVersion = 10.0.40219.1
Project("{9A19103F-16F7-4668-BE54-9A1E7A4F7556}") = "TextRpgCS", "TextRpgCS\TextRpgCS.csproj", "{72951BDC-55EE-4CCF-A285-160B53E1C899}"
EndProject
Project("{9A19103F-16F7-4668-BE54-9A1E7A4F7556}") = "TestProject1", "TestProject1\TestProject1.csproj", "{5529C306-F844-4C10-BF15-5ACA180E64B2}"
EndProject
Project("{9A19103F-16F7-4668-BE54-9A1E7A4F7556}") = "TestProject2", "TestProject2\TestProject2.csproj", "{21455071-34EE-4531-8F61-2441205A2A9D}"
EndProject
Project("{9A19103F-16F7-4668-BE54-9A1E7A4F7556}") = "TestProject3", "TestProject3\TestProject3.csproj", "{31CAF4C8-3395-4DAB-8514-E9D4F460AFE5}"
EndProject
Project("{FAE04EC0-301F-11D3-BF4B-00C04F79EFBC}") = "TestProject4", "TestProject4\TestProject4.csproj", "{DC8F62BB-96AB-47DF-8ACA-4E89E2D2E48E}"
EndProject
Global
	GlobalSection(SolutionConfigurationPlatforms) = preSolution
		Debug|Any CPU = Debug|Any CPU
		Release|Any CPU = Release|Any CPU
	EndGlobalSection
	GlobalSection(ProjectConfigurationPlatforms) = postSolution
		{72951BDC-55EE-4CCF-A285-160B53E1C899}.Debug|Any CPU.ActiveCfg = Debug|Any CPU
		{72951BDC-55EE-4CCF-A285-160B53E1C899}.Debug|Any CPU.Build.0 = Debug|Any CPU
		{72951BDC-55EE-4CCF-A285-160B53E1C899}.Release|Any CPU.ActiveCfg = Release|Any CPU
		{72951BDC-55EE-4CCF-A285-160B53E1C899}.Release|Any CPU.Build.0 = Release|Any CPU
		{5529C306-F844-4C10-BF15-5ACA180E64B2}.Debug|Any CPU.ActiveCfg = Debug|Any CPU
		{5529C306-F844-4C10-BF15-5ACA180E64B2}.Debug|Any CPU.Build.0 = Debug|Any CPU
		{5529C306-F844-4C10-BF15-5ACA180E64B2}.Release|Any CPU.ActiveCfg = Release|Any CPU
		{5529C306-F844-4C10-BF15-5ACA180E64B2}.Release|Any CPU.Build.0 = Release|Any CPU
		{21455071-34EE-4531-8F61-2441205A2A9D}.Debug|Any CPU.ActiveCfg = Debug|Any CPU
		{21455071-34EE-4531-8F61-2441205A2A9D}.Debug|Any CPU.Build.0 = Debug|Any CPU
		{21455071-34EE-4531-8F61-2441205A2A9D}.Release|Any CPU.ActiveCfg = Release|Any CPU
		{21455071-34EE-4531-8F61-2441205A2A9D}.Release|Any CPU.Build.0 = Release|Any CPU
		{31CAF4C8-3395-4DAB-8514-E9D4F460AFE5}.Debug|Any CPU.ActiveCfg = Debug|Any CPU
		{31CAF4C8-3395-4DAB-8514-E9D4F460AFE5}.Debug|Any CPU.Build.0 = Debug|Any CPU
		{31CAF4C8-3395-4DAB-8514-E9D4F460AFE5}.Release|Any CPU.ActiveCfg = Release|Any CPU
		{31CAF4C8-3395-4DAB-8514-E9D4F460AFE5}.Release|Any CPU.Build.0 = Release|Any CPU
		{DC8F62BB-96AB-47DF-8ACA-4E89E2D2E48E}.Debug|Any CPU.ActiveCfg = Debug|Any CPU
		{DC8F62BB-96AB-47DF-8ACA-4E89E2D2E48E}.Debug|Any CPU.Build.0 = Debug|Any CPU
		{DC8F62BB-96AB-47DF-8ACA-4E89E2D2E48E}.Release|Any CPU.ActiveCfg = Release|Any CPU
		{DC8F62BB-96AB-47DF-8ACA-4E89E2D2E48E}.Release|Any CPU.Build.0 = Release|Any CPU
	EndGlobalSection
	GlobalSection(SolutionProperties) = preSolution
		HideSolutionNode = FALSE
	EndGlobalSection
	GlobalSection(ExtensibilityGlobals) = postSolution
		SolutionGuid = {1129CBC9-C9F9-4F2A-9181-A5E9B0E2FE7D}
	EndGlobalSection
EndGlobal
